
Microsoft Visual Studio Solution File, Format Version 12.00
# Visual Studio Version 17
VisualStudioVersion = 17.13.35818.85 d17.13
MinimumVisualStudioVersion = 10.0.40219.1
Project("{FAE04EC0-301F-11D3-BF4B-00C04F79EFBC}") = "tpmodul5_103022300143", "tpmodul5_103022300143\tpmodul5_103022300143.csproj", "{58CA385F-6794-47BD-B5C5-9B4CC776D89E}"
EndProject
Global
	GlobalSection(SolutionConfigurationPlatforms) = preSolution
		Debug|Any CPU = Debug|Any CPU
		Release|Any CPU = Release|Any CPU
	EndGlobalSection
	GlobalSection(ProjectConfigurationPlatforms) = postSolution
		{58CA385F-6794-47BD-B5C5-9B4CC776D89E}.Debug|Any CPU.ActiveCfg = Debug|Any CPU
		{58CA385F-6794-47BD-B5C5-9B4CC776D89E}.Debug|Any CPU.Build.0 = Debug|Any CPU
		{58CA385F-6794-47BD-B5C5-9B4CC776D89E}.Release|Any CPU.ActiveCfg = Release|Any CPU
		{58CA385F-6794-47BD-B5C5-9B4CC776D89E}.Release|Any CPU.Build.0 = Release|Any CPU
	EndGlobalSection
	GlobalSection(SolutionProperties) = preSolution
		HideSolutionNode = FALSE
	EndGlobalSection
	GlobalSection(ExtensibilityGlobals) = postSolution
		SolutionGuid = {346376A3-FAAE-4FD6-9D1A-48ECD8EF4F39}
	EndGlobalSection
EndGlobal
